schema: '2.0'
stages:
  RandRange:
    cmd: "python -c \"from main import RandRange; RandRange(load=True, name='RandRange').run()\"\
      \ "
    params:
      params.yaml:
        RandRange:
          maximum: 1024
    outs:
    - path: nodes/RandRange/metrics_no_cache.json
      md5: 9d15a5b713bca3f7b9d723becf5c04cc
      size: 47
