schema: '2.0'
stages:
  RandRange:
    cmd: "python -c \"from main import RandRange; RandRange(load=True, name='RandRange').run()\"\
      \ "
    params:
      params.yaml:
        RandRange:
          maximum: 64
    outs:
    - path: nodes/RandRange/metrics_no_cache.json
      md5: 2c9a15bd7e582a31525d579785de7c5c
      size: 46
